{
  "name": "CS-Queue-message-maker",
  "lockfileVersion": 3,
  "requires": true,
  "packages": {
    "": {
      "dependencies": {
        "@formkit/auto-animate": "^0.8.1"
      }
    },
    "node_modules/@formkit/auto-animate": {
      "version": "0.8.1",
      "resolved": "https://registry.npmjs.org/@formkit/auto-animate/-/auto-animate-0.8.1.tgz",
      "integrity": "sha512-0/Z2cuNXWVVIG/l0SpcHAWFhGdvLJ8DRvEfRWvmojtmRWfEy+LWNwgDazbZqY0qQYtkHcoEK3jBLkhiZaB/4Ig=="
    }
  }
}
